<?xml version="1.0" encoding="utf-8"?>
<Project ToolsVersion="4.0" xmlns="http://schemas.microsoft.com/developer/msbuild/2003">
  <ItemGroup>
    <Filter Include="main">
      <UniqueIdentifier>{77ae2a0b-3cda-49ee-9021-f5f4f1d9fc55}</UniqueIdentifier>
    </Filter>
    <Filter Include="Utils">
      <UniqueIdentifier>{e0ad9fa4-1fa2-4ee3-989f-c14fb7e05ba4}</UniqueIdentifier>
    </Filter>
    <Filter Include="Version">
      <UniqueIdentifier>{d7ad4ca4-5d8d-4fc1-a803-bd4160389723}</UniqueIdentifier>
    </Filter>
    <Filter Include="Comm">
      <UniqueIdentifier>{eb2e8978-35ed-4a17-88d6-5240e46d3252}</UniqueIdentifier>
    </Filter>
    <Filter Include="KernelReload">
      <UniqueIdentifier>{03f419ea-baf8-45b4-977d-ec722a52aac2}</UniqueIdentifier>
    </Filter>
    <Filter Include="Ntos">
      <UniqueIdentifier>{8a9c5a15-5549-4e75-a397-09da9339324f}</UniqueIdentifier>
    </Filter>
    <Filter Include="HookEngine">
      <UniqueIdentifier>{d0a19043-cb24-4030-9f3a-dfe619fb57f7}</UniqueIdentifier>
    </Filter>
    <Filter Include="HookEngine\Disassembler">
      <UniqueIdentifier>{7c6159c0-8f5e-4875-a6c6-9fc391d08bf9}</UniqueIdentifier>
    </Filter>
    <Filter Include="FileProtect">
      <UniqueIdentifier>{e3cf35ab-787c-4843-a237-848b0399655a}</UniqueIdentifier>
    </Filter>
    <Filter Include="ProcessProtect">
      <UniqueIdentifier>{fbad98bb-8346-4fd6-9e3c-daf264cced2d}</UniqueIdentifier>
    </Filter>
    <Filter Include="HookPort">
      <UniqueIdentifier>{77b2ef38-96e9-4eb7-94ff-505996380817}</UniqueIdentifier>
    </Filter>
  </ItemGroup>
  <ItemGroup>
    <ClCompile Include="main.c">
      <Filter>main</Filter>
    </ClCompile>
    <ClCompile Include="LogSystem.c">
      <Filter>Utils</Filter>
    </ClCompile>
    <ClCompile Include="Version.c">
      <Filter>Version</Filter>
    </ClCompile>
    <ClCompile Include="Tools.c">
      <Filter>Utils</Filter>
    </ClCompile>
    <ClCompile Include="FileSystem.c">
      <Filter>KernelReload</Filter>
    </ClCompile>
    <ClCompile Include="Fixrelocation.c">
      <Filter>KernelReload</Filter>
    </ClCompile>
    <ClCompile Include="KernelReload.c">
      <Filter>KernelReload</Filter>
    </ClCompile>
    <ClCompile Include="Ntos.c">
      <Filter>Ntos</Filter>
    </ClCompile>
    <ClCompile Include="HookEngine.c">
      <Filter>HookEngine</Filter>
    </ClCompile>
    <ClCompile Include="xde.c">
      <Filter>HookEngine\Disassembler</Filter>
    </ClCompile>
    <ClCompile Include="xdetbl.c">
      <Filter>HookEngine\Disassembler</Filter>
    </ClCompile>
    <ClCompile Include="FileProtect.c">
      <Filter>FileProtect</Filter>
    </ClCompile>
    <ClCompile Include="ProcessProtect.c">
      <Filter>ProcessProtect</Filter>
    </ClCompile>
    <ClCompile Include="HookPort.c">
      <Filter>HookPort</Filter>
    </ClCompile>
  </ItemGroup>
  <ItemGroup>
    <ClInclude Include="LogSystem.h">
      <Filter>Utils</Filter>
    </ClInclude>
    <ClInclude Include="Version.h">
      <Filter>Version</Filter>
    </ClInclude>
    <ClInclude Include="CtrlCmd.h">
      <Filter>Comm</Filter>
    </ClInclude>
    <ClInclude Include="Utils.h">
      <Filter>Utils</Filter>
    </ClInclude>
    <ClInclude Include="CommStruct.h">
      <Filter>Comm</Filter>
    </ClInclude>
    <ClInclude Include="Tools.h">
      <Filter>Utils</Filter>
    </ClInclude>
    <ClInclude Include="FileSystem.h">
      <Filter>KernelReload</Filter>
    </ClInclude>
    <ClInclude Include="Fixrelocation.h">
      <Filter>KernelReload</Filter>
    </ClInclude>
    <ClInclude Include="KernelReload.h">
      <Filter>KernelReload</Filter>
    </ClInclude>
    <ClInclude Include="Ntos.h">
      <Filter>Ntos</Filter>
    </ClInclude>
    <ClInclude Include="HookEngine.h">
      <Filter>HookEngine</Filter>
    </ClInclude>
    <ClInclude Include="xde.h">
      <Filter>HookEngine\Disassembler</Filter>
    </ClInclude>
    <ClInclude Include="FileProtect.h">
      <Filter>FileProtect</Filter>
    </ClInclude>
    <ClInclude Include="ProcessProtect.h">
      <Filter>ProcessProtect</Filter>
    </ClInclude>
    <ClInclude Include="HookPort.h">
      <Filter>HookPort</Filter>
    </ClInclude>
  </ItemGroup>
  <ItemGroup>
    <None Include="sources" />
  </ItemGroup>
</Project>